
Microsoft Visual Studio Solution File, Format Version 12.00
# Visual Studio Version 16
VisualStudioVersion = 16.0.31205.134
MinimumVisualStudioVersion = 10.0.40219.1
Project("{FAE04EC0-301F-11D3-BF4B-00C04F79EFBC}") = "InventoryApi", "InventoryApi\InventoryApi.csproj", "{39F5C4BF-7D40-402C-8685-DC9362353A96}"
EndProject
Global
	GlobalSection(SolutionConfigurationPlatforms) = preSolution
		Debug|Any CPU = Debug|Any CPU
		Release|Any CPU = Release|Any CPU
	EndGlobalSection
	GlobalSection(ProjectConfigurationPlatforms) = postSolution
		{39F5C4BF-7D40-402C-8685-DC9362353A96}.Debug|Any CPU.ActiveCfg = Debug|Any CPU
		{39F5C4BF-7D40-402C-8685-DC9362353A96}.Debug|Any CPU.Build.0 = Debug|Any CPU
		{39F5C4BF-7D40-402C-8685-DC9362353A96}.Release|Any CPU.ActiveCfg = Release|Any CPU
		{39F5C4BF-7D40-402C-8685-DC9362353A96}.Release|Any CPU.Build.0 = Release|Any CPU
	EndGlobalSection
	GlobalSection(SolutionProperties) = preSolution
		HideSolutionNode = FALSE
	EndGlobalSection
	GlobalSection(ExtensibilityGlobals) = postSolution
		SolutionGuid = {C9FB6098-6241-4C1B-A02F-4406E3CA6BF4}
	EndGlobalSection
EndGlobal
